// !$*UTF8*$!
{
	archiveVersion = 1;
	classes = {
	};
	objectVersion = 50;
	objects = {

/* Begin PBXBuildFile section */
		4B8ADB6321D22FB500E40F46 /* AppDelegate.m in Sources */ = {isa = PBXBuildFile; fileRef = 4B8ADB6221D22FB500E40F46 /* AppDelegate.m */; };
		4B8ADB6621D22FB500E40F46 /* ViewController.m in Sources */ = {isa = PBXBuildFile; fileRef = 4B8ADB6521D22FB500E40F46 /* ViewController.m */; };
		4B8ADB6921D22FB500E40F46 /* Main.storyboard in Resources */ = {isa = PBXBuildFile; fileRef = 4B8ADB6721D22FB500E40F46 /* Main.storyboard */; };
		4B8ADB6B21D22FB500E40F46 /* Assets.xcassets in Resources */ = {isa = PBXBuildFile; fileRef = 4B8ADB6A21D22FB500E40F46 /* Assets.xcassets */; };
		4B8ADB6E21D22FB500E40F46 /* LaunchScreen.storyboard in Resources */ = {isa = PBXBuildFile; fileRef = 4B8ADB6C21D22FB500E40F46 /* LaunchScreen.storyboard */; };
		4B8ADB7121D22FB500E40F46 /* main.m in Sources */ = {isa = PBXBuildFile; fileRef = 4B8ADB7021D22FB500E40F46 /* main.m */; };
		4B8ADB7B21D22FB500E40F46 /* STKitDemoTests.m in Sources */ = {isa = PBXBuildFile; fileRef = 4B8ADB7A21D22FB500E40F46 /* STKitDemoTests.m */; };
		4B8ADB9721D22FCC00E40F46 /* UITextField+SAExtension.m in Sources */ = {isa = PBXBuildFile; fileRef = 4B8ADB8821D22FCC00E40F46 /* UITextField+SAExtension.m */; };
		4B8ADB9821D22FCC00E40F46 /* NSString+SAExtension.m in Sources */ = {isa = PBXBuildFile; fileRef = 4B8ADB8A21D22FCC00E40F46 /* NSString+SAExtension.m */; };
		4B8ADB9921D22FCC00E40F46 /* UIView+SAFrame.m in Sources */ = {isa = PBXBuildFile; fileRef = 4B8ADB9021D22FCC00E40F46 /* UIView+SAFrame.m */; };
		4B8ADB9A21D22FCC00E40F46 /* UIImage+SAExtension.m in Sources */ = {isa = PBXBuildFile; fileRef = 4B8ADB9121D22FCC00E40F46 /* UIImage+SAExtension.m */; };
		4B8ADB9B21D22FCC00E40F46 /* NSDate+SAExtension.m in Sources */ = {isa = PBXBuildFile; fileRef = 4B8ADB9221D22FCC00E40F46 /* NSDate+SAExtension.m */; };
		4B8ADB9C21D22FCC00E40F46 /* NSData+SAExtension.m in Sources */ = {isa = PBXBuildFile; fileRef = 4B8ADB9321D22FCC00E40F46 /* NSData+SAExtension.m */; };
/* End PBXBuildFile section */

/* Begin PBXContainerItemProxy section */
		4B8ADB7721D22FB500E40F46 /* PBXContainerItemProxy */ = {
			isa = PBXContainerItemProxy;
			containerPortal = 4B8ADB5621D22FB500E40F46 /* Project object */;
			proxyType = 1;
			remoteGlobalIDString = 4B8ADB5D21D22FB500E40F46;
			remoteInfo = STKitDemo;
		};
/* End PBXContainerItemProxy section */

/* Begin PBXFileReference section */
		4B8ADB5E21D22FB500E40F46 /* STKitDemo.app */ = {isa = PBXFileReference; explicitFileType = wrapper.application; includeInIndex = 0; path = STKitDemo.app; sourceTree = BUILT_PRODUCTS_DIR; };
		4B8ADB6121D22FB500E40F46 /* AppDelegate.h */ = {isa = PBXFileReference; lastKnownFileType = sourcecode.c.h; path = AppDelegate.h; sourceTree = "<group>"; };
		4B8ADB6221D22FB500E40F46 /* AppDelegate.m */ = {isa = PBXFileReference; lastKnownFileType = sourcecode.c.objc; path = AppDelegate.m; sourceTree = "<group>"; };
		4B8ADB6421D22FB500E40F46 /* ViewController.h */ = {isa = PBXFileReference; lastKnownFileType = sourcecode.c.h; path = ViewController.h; sourceTree = "<group>"; };
		4B8ADB6521D22FB500E40F46 /* ViewController.m */ = {isa = PBXFileReference; lastKnownFileType = sourcecode.c.objc; path = ViewController.m; sourceTree = "<group>"; };
		4B8ADB6821D22FB500E40F46 /* Base */ = {isa = PBXFileReference; lastKnownFileType = file.storyboard; name = Base; path = Base.lproj/Main.storyboard; sourceTree = "<group>"; };
		4B8ADB6A21D22FB500E40F46 /* Assets.xcassets */ = {isa = PBXFileReference; lastKnownFileType = folder.assetcatalog; path = Assets.xcassets; sourceTree = "<group>"; };
		4B8ADB6D21D22FB500E40F46 /* Base */ = {isa = PBXFileReference; lastKnownFileType = file.storyboard; name = Base; path = Base.lproj/LaunchScreen.storyboard; sourceTree = "<group>"; };
		4B8ADB6F21D22FB500E40F46 /* Info.plist */ = {isa = PBXFileReference; lastKnownFileType = text.plist.xml; path = Info.plist; sourceTree = "<group>"; };
		4B8ADB7021D22FB500E40F46 /* main.m */ = {isa = PBXFileReference; lastKnownFileType = sourcecode.c.objc; path = main.m; sourceTree = "<group>"; };
		4B8ADB7621D22FB500E40F46 /* STKitDemoTests.xctest */ = {isa = PBXFileReference; explicitFileType = wrapper.cfbundle; includeInIndex = 0; path = STKitDemoTests.xctest; sourceTree = BUILT_PRODUCTS_DIR; };
		4B8ADB7A21D22FB500E40F46 /* STKitDemoTests.m */ = {isa = PBXFileReference; lastKnownFileType = sourcecode.c.objc; path = STKitDemoTests.m; sourceTree = "<group>"; };
		4B8ADB7C21D22FB500E40F46 /* Info.plist */ = {isa = PBXFileReference; lastKnownFileType = text.plist.xml; path = Info.plist; sourceTree = "<group>"; };
		4B8ADB8721D22FCC00E40F46 /* SAKit.h */ = {isa = PBXFileReference; fileEncoding = 4; lastKnownFileType = sourcecode.c.h; path = SAKit.h; sourceTree = "<group>"; };
		4B8ADB8821D22FCC00E40F46 /* UITextField+SAExtension.m */ = {isa = PBXFileReference; fileEncoding = 4; lastKnownFileType = sourcecode.c.objc; path = "UITextField+SAExtension.m"; sourceTree = "<group>"; };
		4B8ADB8921D22FCC00E40F46 /* UIView+SAFrame.h */ = {isa = PBXFileReference; fileEncoding = 4; lastKnownFileType = sourcecode.c.h; path = "UIView+SAFrame.h"; sourceTree = "<group>"; };
		4B8ADB8A21D22FCC00E40F46 /* NSString+SAExtension.m */ = {isa = PBXFileReference; fileEncoding = 4; lastKnownFileType = sourcecode.c.objc; path = "NSString+SAExtension.m"; sourceTree = "<group>"; };
		4B8ADB8B21D22FCC00E40F46 /* NSData+SAExtension.h */ = {isa = PBXFileReference; fileEncoding = 4; lastKnownFileType = sourcecode.c.h; path = "NSData+SAExtension.h"; sourceTree = "<group>"; };
		4B8ADB8C21D22FCC00E40F46 /* NSDate+SAExtension.h */ = {isa = PBXFileReference; fileEncoding = 4; lastKnownFileType = sourcecode.c.h; path = "NSDate+SAExtension.h"; sourceTree = "<group>"; };
		4B8ADB8D21D22FCC00E40F46 /* UIImage+SAExtension.h */ = {isa = PBXFileReference; fileEncoding = 4; lastKnownFileType = sourcecode.c.h; path = "UIImage+SAExtension.h"; sourceTree = "<group>"; };
		4B8ADB8E21D22FCC00E40F46 /* UITextField+SAExtension.h */ = {isa = PBXFileReference; fileEncoding = 4; lastKnownFileType = sourcecode.c.h; path = "UITextField+SAExtension.h"; sourceTree = "<group>"; };
		4B8ADB8F21D22FCC00E40F46 /* NSString+SAExtension.h */ = {isa = PBXFileReference; fileEncoding = 4; lastKnownFileType = sourcecode.c.h; path = "NSString+SAExtension.h"; sourceTree = "<group>"; };
		4B8ADB9021D22FCC00E40F46 /* UIView+SAFrame.m */ = {isa = PBXFileReference; fileEncoding = 4; lastKnownFileType = sourcecode.c.objc; path = "UIView+SAFrame.m"; sourceTree = "<group>"; };
		4B8ADB9121D22FCC00E40F46 /* UIImage+SAExtension.m */ = {isa = PBXFileReference; fileEncoding = 4; lastKnownFileType = sourcecode.c.objc; path = "UIImage+SAExtension.m"; sourceTree = "<group>"; };
		4B8ADB9221D22FCC00E40F46 /* NSDate+SAExtension.m */ = {isa = PBXFileReference; fileEncoding = 4; lastKnownFileType = sourcecode.c.objc; path = "NSDate+SAExtension.m"; sourceTree = "<group>"; };
		4B8ADB9321D22FCC00E40F46 /* NSData+SAExtension.m */ = {isa = PBXFileReference; fileEncoding = 4; lastKnownFileType = sourcecode.c.objc; path = "NSData+SAExtension.m"; sourceTree = "<group>"; };
		4B8ADB9521D22FCC00E40F46 /* SASingleton.h */ = {isa = PBXFileReference; fileEncoding = 4; lastKnownFileType = sourcecode.c.h; path = SASingleton.h; sourceTree = "<group>"; };
		4B8ADB9621D22FCC00E40F46 /* SAUtilsMacro.h */ = {isa = PBXFileReference; fileEncoding = 4; lastKnownFileType = sourcecode.c.h; path = SAUtilsMacro.h; sourceTree = "<group>"; };
/* End PBXFileReference section */

/* Begin PBXFrameworksBuildPhase section */
		4B8ADB5B21D22FB500E40F46 /* Frameworks */ = {
			isa = PBXFrameworksBuildPhase;
			buildActionMask = 2147483647;
			files = (
			);
			runOnlyForDeploymentPostprocessing = 0;
		};
		4B8ADB7321D22FB500E40F46 /* Frameworks */ = {
			isa = PBXFrameworksBuildPhase;
			buildActionMask = 2147483647;
			files = (
			);
			runOnlyForDeploymentPostprocessing = 0;
		};
/* End PBXFrameworksBuildPhase section */

/* Begin PBXGroup section */
		4B8ADB5521D22FB500E40F46 = {
			isa = PBXGroup;
			children = (
				4B8ADB8521D22FCC00E40F46 /* SAKit */,
				4B8ADB6021D22FB500E40F46 /* STKitDemo */,
				4B8ADB7921D22FB500E40F46 /* STKitDemoTests */,
				4B8ADB5F21D22FB500E40F46 /* Products */,
			);
			sourceTree = "<group>";
		};
		4B8ADB5F21D22FB500E40F46 /* Products */ = {
			isa = PBXGroup;
			children = (
				4B8ADB5E21D22FB500E40F46 /* STKitDemo.app */,
				4B8ADB7621D22FB500E40F46 /* STKitDemoTests.xctest */,
			);
			name = Products;
			sourceTree = "<group>";
		};
		4B8ADB6021D22FB500E40F46 /* STKitDemo */ = {
			isa = PBXGroup;
			children = (
				4B8ADB6121D22FB500E40F46 /* AppDelegate.h */,
				4B8ADB6221D22FB500E40F46 /* AppDelegate.m */,
				4B8ADB6421D22FB500E40F46 /* ViewController.h */,
				4B8ADB6521D22FB500E40F46 /* ViewController.m */,
				4B8ADB6721D22FB500E40F46 /* Main.storyboard */,
				4B8ADB6A21D22FB500E40F46 /* Assets.xcassets */,
				4B8ADB6C21D22FB500E40F46 /* LaunchScreen.storyboard */,
				4B8ADB6F21D22FB500E40F46 /* Info.plist */,
				4B8ADB7021D22FB500E40F46 /* main.m */,
			);
			path = STKitDemo;
			sourceTree = "<group>";
		};
		4B8ADB7921D22FB500E40F46 /* STKitDemoTests */ = {
			isa = PBXGroup;
			children = (
				4B8ADB7A21D22FB500E40F46 /* STKitDemoTests.m */,
				4B8ADB7C21D22FB500E40F46 /* Info.plist */,
			);
			path = STKitDemoTests;
			sourceTree = "<group>";
		};
		4B8ADB8521D22FCC00E40F46 /* SAKit */ = {
			isa = PBXGroup;
			children = (
				4B8ADB8721D22FCC00E40F46 /* SAKit.h */,
				4B8ADB8621D22FCC00E40F46 /* Category */,
				4B8ADB9421D22FCC00E40F46 /* Macro */,
			);
			name = SAKit;
			path = ../SAKit;
			sourceTree = "<group>";
		};
		4B8ADB8621D22FCC00E40F46 /* Category */ = {
			isa = PBXGroup;
			children = (
				4B8ADB8921D22FCC00E40F46 /* UIView+SAFrame.h */,
				4B8ADB9021D22FCC00E40F46 /* UIView+SAFrame.m */,
				4B8ADB8E21D22FCC00E40F46 /* UITextField+SAExtension.h */,
				4B8ADB8821D22FCC00E40F46 /* UITextField+SAExtension.m */,
				4B8ADB8F21D22FCC00E40F46 /* NSString+SAExtension.h */,
				4B8ADB8A21D22FCC00E40F46 /* NSString+SAExtension.m */,
				4B8ADB8B21D22FCC00E40F46 /* NSData+SAExtension.h */,
				4B8ADB9321D22FCC00E40F46 /* NSData+SAExtension.m */,
				4B8ADB8D21D22FCC00E40F46 /* UIImage+SAExtension.h */,
				4B8ADB9121D22FCC00E40F46 /* UIImage+SAExtension.m */,
				4B8ADB8C21D22FCC00E40F46 /* NSDate+SAExtension.h */,
				4B8ADB9221D22FCC00E40F46 /* NSDate+SAExtension.m */,
			);
			path = Category;
			sourceTree = "<group>";
		};
		4B8ADB9421D22FCC00E40F46 /* Macro */ = {
			isa = PBXGroup;
			children = (
				4B8ADB9521D22FCC00E40F46 /* SASingleton.h */,
				4B8ADB9621D22FCC00E40F46 /* SAUtilsMacro.h */,
			);
			path = Macro;
			sourceTree = "<group>";
		};
/* End PBXGroup section */

/* Begin PBXNativeTarget section */
		4B8ADB5D21D22FB500E40F46 /* STKitDemo */ = {
			isa = PBXNativeTarget;
			buildConfigurationList = 4B8ADB7F21D22FB500E40F46 /* Build configuration list for PBXNativeTarget "STKitDemo" */;
			buildPhases = (
				4B8ADB5A21D22FB500E40F46 /* Sources */,
				4B8ADB5B21D22FB500E40F46 /* Frameworks */,
				4B8ADB5C21D22FB500E40F46 /* Resources */,
			);
			buildRules = (
			);
			dependencies = (
			);
			name = STKitDemo;
			productName = STKitDemo;
			productReference = 4B8ADB5E21D22FB500E40F46 /* STKitDemo.app */;
			productType = "com.apple.product-type.application";
		};
		4B8ADB7521D22FB500E40F46 /* STKitDemoTests */ = {
			isa = PBXNativeTarget;
			buildConfigurationList = 4B8ADB8221D22FB500E40F46 /* Build configuration list for PBXNativeTarget "STKitDemoTests" */;
			buildPhases = (
				4B8ADB7221D22FB500E40F46 /* Sources */,
				4B8ADB7321D22FB500E40F46 /* Frameworks */,
				4B8ADB7421D22FB500E40F46 /* Resources */,
			);
			buildRules = (
			);
			dependencies = (
				4B8ADB7821D22FB500E40F46 /* PBXTargetDependency */,
			);
			name = STKitDemoTests;
			productName = STKitDemoTests;
			productReference = 4B8ADB7621D22FB500E40F46 /* STKitDemoTests.xctest */;
			productType = "com.apple.product-type.bundle.unit-test";
		};
/* End PBXNativeTarget section */

/* Begin PBXProject section */
		4B8ADB5621D22FB500E40F46 /* Project object */ = {
			isa = PBXProject;
			attributes = {
				LastUpgradeCheck = 1010;
				ORGANIZATIONNAME = "刘帅";
				TargetAttributes = {
					4B8ADB5D21D22FB500E40F46 = {
						CreatedOnToolsVersion = 10.1;
					};
					4B8ADB7521D22FB500E40F46 = {
						CreatedOnToolsVersion = 10.1;
						TestTargetID = 4B8ADB5D21D22FB500E40F46;
					};
				};
			};
			buildConfigurationList = 4B8ADB5921D22FB500E40F46 /* Build configuration list for PBXProject "STKitDemo" */;
			compatibilityVersion = "Xcode 9.3";
			developmentRegion = en;
			hasScannedForEncodings = 0;
			knownRegions = (
				en,
				Base,
			);
			mainGroup = 4B8ADB5521D22FB500E40F46;
			productRefGroup = 4B8ADB5F21D22FB500E40F46 /* Products */;
			projectDirPath = "";
			projectRoot = "";
			targets = (
				4B8ADB5D21D22FB500E40F46 /* STKitDemo */,
				4B8ADB7521D22FB500E40F46 /* STKitDemoTests */,
			);
		};
/* End PBXProject section */

/* Begin PBXResourcesBuildPhase section */
		4B8ADB5C21D22FB500E40F46 /* Resources */ = {
			isa = PBXResourcesBuildPhase;
			buildActionMask = 2147483647;
			files = (
				4B8ADB6E21D22FB500E40F46 /* LaunchScreen.storyboard in Resources */,
				4B8ADB6B21D22FB500E40F46 /* Assets.xcassets in Resources */,
				4B8ADB6921D22FB500E40F46 /* Main.storyboard in Resources */,
			);
			runOnlyForDeploymentPostprocessing = 0;
		};
		4B8ADB7421D22FB500E40F46 /* Resources */ = {
			isa = PBXResourcesBuildPhase;
			buildActionMask = 2147483647;
			files = (
			);
			runOnlyForDeploymentPostprocessing = 0;
		};
/* End PBXResourcesBuildPhase section */

/* Begin PBXSourcesBuildPhase section */
		4B8ADB5A21D22FB500E40F46 /* Sources */ = {
			isa = PBXSourcesBuildPhase;
			buildActionMask = 2147483647;
			files = (
				4B8ADB6621D22FB500E40F46 /* ViewController.m in Sources */,
				4B8ADB7121D22FB500E40F46 /* main.m in Sources */,
				4B8ADB9821D22FCC00E40F46 /* NSString+SAExtension.m in Sources */,
				4B8ADB9921D22FCC00E40F46 /* UIView+SAFrame.m in Sources */,
				4B8ADB9721D22FCC00E40F46 /* UITextField+SAExtension.m in Sources */,
				4B8ADB9B21D22FCC00E40F46 /* NSDate+SAExtension.m in Sources */,
				4B8ADB9A21D22FCC00E40F46 /* UIImage+SAExtension.m in Sources */,
				4B8ADB9C21D22FCC00E40F46 /* NSData+SAExtension.m in Sources */,
				4B8ADB6321D22FB500E40F46 /* AppDelegate.m in Sources */,
			);
			runOnlyForDeploymentPostprocessing = 0;
		};
		4B8ADB7221D22FB500E40F46 /* Sources */ = {
			isa = PBXSourcesBuildPhase;
			buildActionMask = 2147483647;
			files = (
				4B8ADB7B21D22FB500E40F46 /* STKitDemoTests.m in Sources */,
			);
			runOnlyForDeploymentPostprocessing = 0;
		};
/* End PBXSourcesBuildPhase section */

/* Begin PBXTargetDependency section */
		4B8ADB7821D22FB500E40F46 /* PBXTargetDependency */ = {
			isa = PBXTargetDependency;
			target = 4B8ADB5D21D22FB500E40F46 /* STKitDemo */;
			targetProxy = 4B8ADB7721D22FB500E40F46 /* PBXContainerItemProxy */;
		};
/* End PBXTargetDependency section */

/* Begin PBXVariantGroup section */
		4B8ADB6721D22FB500E40F46 /* Main.storyboard */ = {
			isa = PBXVariantGroup;
			children = (
				4B8ADB6821D22FB500E40F46 /* Base */,
			);
			name = Main.storyboard;
			sourceTree = "<group>";
		};
		4B8ADB6C21D22FB500E40F46 /* LaunchScreen.storyboard */ = {
			isa = PBXVariantGroup;
			children = (
				4B8ADB6D21D22FB500E40F46 /* Base */,
			);
			name = LaunchScreen.storyboard;
			sourceTree = "<group>";
		};
/* End PBXVariantGroup section */

/* Begin XCBuildConfiguration section */
		4B8ADB7D21D22FB500E40F46 /* Debug */ = {
			isa = XCBuildConfiguration;
			buildSettings = {
				ALWAYS_SEARCH_USER_PATHS = NO;
				CLANG_ANALYZER_NONNULL = YES;
				CLANG_ANALYZER_NUMBER_OBJECT_CONVERSION = YES_AGGRESSIVE;
				CLANG_CXX_LANGUAGE_STANDARD = "gnu++14";
				CLANG_CXX_LIBRARY = "libc++";
				CLANG_ENABLE_MODULES = YES;
				CLANG_ENABLE_OBJC_ARC = YES;
				CLANG_ENABLE_OBJC_WEAK = YES;
				CLANG_WARN_BLOCK_CAPTURE_AUTORELEASING = YES;
				CLANG_WARN_BOOL_CONVERSION = YES;
				CLANG_WARN_COMMA = YES;
				CLANG_WARN_CONSTANT_CONVERSION = YES;
				CLANG_WARN_DEPRECATED_OBJC_IMPLEMENTATIONS = YES;
				CLANG_WARN_DIRECT_OBJC_ISA_USAGE = YES_ERROR;
				CLANG_WARN_DOCUMENTATION_COMMENTS = YES;
				CLANG_WARN_EMPTY_BODY = YES;
				CLANG_WARN_ENUM_CONVERSION = YES;
				CLANG_WARN_INFINITE_RECURSION = YES;
				CLANG_WARN_INT_CONVERSION = YES;
				CLANG_WARN_NON_LITERAL_NULL_CONVERSION = YES;
				CLANG_WARN_OBJC_IMPLICIT_RETAIN_SELF = YES;
				CLANG_WARN_OBJC_LITERAL_CONVERSION = YES;
				CLANG_WARN_OBJC_ROOT_CLASS = YES_ERROR;
				CLANG_WARN_RANGE_LOOP_ANALYSIS = YES;
				CLANG_WARN_STRICT_PROTOTYPES = YES;
				CLANG_WARN_SUSPICIOUS_MOVE = YES;
				CLANG_WARN_UNGUARDED_AVAILABILITY = YES_AGGRESSIVE;
				CLANG_WARN_UNREACHABLE_CODE = YES;
				CLANG_WARN__DUPLICATE_METHOD_MATCH = YES;
				CODE_SIGN_IDENTITY = "iPhone Developer";
				COPY_PHASE_STRIP = NO;
				DEBUG_INFORMATION_FORMAT = dwarf;
				ENABLE_STRICT_OBJC_MSGSEND = YES;
				ENABLE_TESTABILITY = YES;
				GCC_C_LANGUAGE_STANDARD = gnu11;
				GCC_DYNAMIC_NO_PIC = NO;
				GCC_NO_COMMON_BLOCKS = YES;
				GCC_OPTIMIZATION_LEVEL = 0;
				GCC_PREPROCESSOR_DEFINITIONS = (
					"DEBUG=1",
					"$(inherited)",
				);
				GCC_WARN_64_TO_32_BIT_CONVERSION = YES;
				GCC_WARN_ABOUT_RETURN_TYPE = YES_ERROR;
				GCC_WARN_UNDECLARED_SELECTOR = YES;
				GCC_WARN_UNINITIALIZED_AUTOS = YES_AGGRESSIVE;
				GCC_WARN_UNUSED_FUNCTION = YES;
				GCC_WARN_UNUSED_VARIABLE = YES;
				IPHONEOS_DEPLOYMENT_TARGET = 12.1;
				MTL_ENABLE_DEBUG_INFO = INCLUDE_SOURCE;
				MTL_FAST_MATH = YES;
				ONLY_ACTIVE_ARCH = YES;
				SDKROOT = iphoneos;
			};
			name = Debug;
		};
		4B8ADB7E21D22FB500E40F46 /* Release */ = {
			isa = XCBuildConfiguration;
			buildSettings = {
				ALWAYS_SEARCH_USER_PATHS = NO;
				CLANG_ANALYZER_NONNULL = YES;
				CLANG_ANALYZER_NUMBER_OBJECT_CONVERSION = YES_AGGRESSIVE;
				CLANG_CXX_LANGUAGE_STANDARD = "gnu++14";
				CLANG_CXX_LIBRARY = "libc++";
				CLANG_ENABLE_MODULES = YES;
				CLANG_ENABLE_OBJC_ARC = YES;
				CLANG_ENABLE_OBJC_WEAK = YES;
				CLANG_WARN_BLOCK_CAPTURE_AUTORELEASING = YES;
				CLANG_WARN_BOOL_CONVERSION = YES;
				CLANG_WARN_COMMA = YES;
				CLANG_WARN_CONSTANT_CONVERSION = YES;
				CLANG_WARN_DEPRECATED_OBJC_IMPLEMENTATIONS = YES;
				CLANG_WARN_DIRECT_OBJC_ISA_USAGE = YES_ERROR;
				CLANG_WARN_DOCUMENTATION_COMMENTS = YES;
				CLANG_WARN_EMPTY_BODY = YES;
				CLANG_WARN_ENUM_CONVERSION = YES;
				CLANG_WARN_INFINITE_RECURSION = YES;
				CLANG_WARN_INT_CONVERSION = YES;
				CLANG_WARN_NON_LITERAL_NULL_CONVERSION = YES;
				CLANG_WARN_OBJC_IMPLICIT_RETAIN_SELF = YES;
				CLANG_WARN_OBJC_LITERAL_CONVERSION = YES;
				CLANG_WARN_OBJC_ROOT_CLASS = YES_ERROR;
				CLANG_WARN_RANGE_LOOP_ANALYSIS = YES;
				CLANG_WARN_STRICT_PROTOTYPES = YES;
				CLANG_WARN_SUSPICIOUS_MOVE = YES;
				CLANG_WARN_UNGUARDED_AVAILABILITY = YES_AGGRESSIVE;
				CLANG_WARN_UNREACHABLE_CODE = YES;
				CLANG_WARN__DUPLICATE_METHOD_MATCH = YES;
				CODE_SIGN_IDENTITY = "iPhone Developer";
				COPY_PHASE_STRIP = NO;
				DEBUG_INFORMATION_FORMAT = "dwarf-with-dsym";
				ENABLE_NS_ASSERTIONS = NO;
				ENABLE_STRICT_OBJC_MSGSEND = YES;
				GCC_C_LANGUAGE_STANDARD = gnu11;
				GCC_NO_COMMON_BLOCKS = YES;
				GCC_WARN_64_TO_32_BIT_CONVERSION = YES;
				GCC_WARN_ABOUT_RETURN_TYPE = YES_ERROR;
				GCC_WARN_UNDECLARED_SELECTOR = YES;
				GCC_WARN_UNINITIALIZED_AUTOS = YES_AGGRESSIVE;
				GCC_WARN_UNUSED_FUNCTION = YES;
				GCC_WARN_UNUSED_VARIABLE = YES;
				IPHONEOS_DEPLOYMENT_TARGET = 12.1;
				MTL_ENABLE_DEBUG_INFO = NO;
				MTL_FAST_MATH = YES;
				SDKROOT = iphoneos;
				VALIDATE_PRODUCT = YES;
			};
			name = Release;
		};
		4B8ADB8021D22FB500E40F46 /* Debug */ = {
			isa = XCBuildConfiguration;
			buildSettings = {
				ASSETCATALOG_COMPILER_APPICON_NAME = AppIcon;
				CODE_SIGN_STYLE = Automatic;
				INFOPLIST_FILE = STKitDemo/Info.plist;
				LD_RUNPATH_SEARCH_PATHS = (
					"$(inherited)",
					"@executable_path/Frameworks",
				);
				PRODUCT_BUNDLE_IDENTIFIER = com.STKitDemo;
				PRODUCT_NAME = "$(TARGET_NAME)";
				TARGETED_DEVICE_FAMILY = "1,2";
			};
			name = Debug;
		};
		4B8ADB8121D22FB500E40F46 /* Release */ = {
			isa = XCBuildConfiguration;
			buildSettings = {
				ASSETCATALOG_COMPILER_APPICON_NAME = AppIcon;
				CODE_SIGN_STYLE = Automatic;
				INFOPLIST_FILE = STKitDemo/Info.plist;
				LD_RUNPATH_SEARCH_PATHS = (
					"$(inherited)",
					"@executable_path/Frameworks",
				);
				PRODUCT_BUNDLE_IDENTIFIER = com.STKitDemo;
				PRODUCT_NAME = "$(TARGET_NAME)";
				TARGETED_DEVICE_FAMILY = "1,2";
			};
			name = Release;
		};
		4B8ADB8321D22FB500E40F46 /* Debug */ = {
			isa = XCBuildConfiguration;
			buildSettings = {
				BUNDLE_LOADER = "$(TEST_HOST)";
				CODE_SIGN_STYLE = Automatic;
				INFOPLIST_FILE = STKitDemoTests/Info.plist;
				LD_RUNPATH_SEARCH_PATHS = (
					"$(inherited)",
					"@executable_path/Frameworks",
					"@loader_path/Frameworks",
				);
				PRODUCT_BUNDLE_IDENTIFIER = com.STKitDemoTests;
				PRODUCT_NAME = "$(TARGET_NAME)";
				TARGETED_DEVICE_FAMILY = "1,2";
				TEST_HOST = "$(BUILT_PRODUCTS_DIR)/STKitDemo.app/STKitDemo";
			};
			name = Debug;
		};
		4B8ADB8421D22FB500E40F46 /* Release */ = {
			isa = XCBuildConfiguration;
			buildSettings = {
				BUNDLE_LOADER = "$(TEST_HOST)";
				CODE_SIGN_STYLE = Automatic;
				INFOPLIST_FILE = STKitDemoTests/Info.plist;
				LD_RUNPATH_SEARCH_PATHS = (
					"$(inherited)",
					"@executable_path/Frameworks",
					"@loader_path/Frameworks",
				);
				PRODUCT_BUNDLE_IDENTIFIER = com.STKitDemoTests;
				PRODUCT_NAME = "$(TARGET_NAME)";
				TARGETED_DEVICE_FAMILY = "1,2";
				TEST_HOST = "$(BUILT_PRODUCTS_DIR)/STKitDemo.app/STKitDemo";
			};
			name = Release;
		};
/* End XCBuildConfiguration section */

/* Begin XCConfigurationList section */
		4B8ADB5921D22FB500E40F46 /* Build configuration list for PBXProject "STKitDemo" */ = {
			isa = XCConfigurationList;
			buildConfigurations = (
				4B8ADB7D21D22FB500E40F46 /* Debug */,
				4B8ADB7E21D22FB500E40F46 /* Release */,
			);
			defaultConfigurationIsVisible = 0;
			defaultConfigurationName = Release;
		};
		4B8ADB7F21D22FB500E40F46 /* Build configuration list for PBXNativeTarget "STKitDemo" */ = {
			isa = XCConfigurationList;
			buildConfigurations = (
				4B8ADB8021D22FB500E40F46 /* Debug */,
				4B8ADB8121D22FB500E40F46 /* Release */,
			);
			defaultConfigurationIsVisible = 0;
			defaultConfigurationName = Release;
		};
		4B8ADB8221D22FB500E40F46 /* Build configuration list for PBXNativeTarget "STKitDemoTests" */ = {
			isa = XCConfigurationList;
			buildConfigurations = (
				4B8ADB8321D22FB500E40F46 /* Debug */,
				4B8ADB8421D22FB500E40F46 /* Release */,
			);
			defaultConfigurationIsVisible = 0;
			defaultConfigurationName = Release;
		};
/* End XCConfigurationList section */
	};
	rootObject = 4B8ADB5621D22FB500E40F46 /* Project object */;
}
